Microsoft Visual Studio Solution File, Format Version 12.00
# Visual Studio Version 17
VisualStudioVersion = 17.5.2.0
MinimumVisualStudioVersion = 10.0.40219.1
Project("{FAE04EC0-301F-11D3-BF4B-00C04F79EFBC}") = "my_pg", "my_pg\my_pg.csproj", "{BFDF11DE-3109-F8E4-D676-9567E12A5144}"
EndProject
Global
	GlobalSection(SolutionConfigurationPlatforms) = preSolution
		Debug|Any CPU = Debug|Any CPU
		Release|Any CPU = Release|Any CPU
	EndGlobalSection
	GlobalSection(ProjectConfigurationPlatforms) = postSolution
		{BFDF11DE-3109-F8E4-D676-9567E12A5144}.Debug|Any CPU.ActiveCfg = Debug|Any CPU
		{BFDF11DE-3109-F8E4-D676-9567E12A5144}.Debug|Any CPU.Build.0 = Debug|Any CPU
		{BFDF11DE-3109-F8E4-D676-9567E12A5144}.Release|Any CPU.ActiveCfg = Release|Any CPU
		{BFDF11DE-3109-F8E4-D676-9567E12A5144}.Release|Any CPU.Build.0 = Release|Any CPU
	EndGlobalSection
	GlobalSection(SolutionProperties) = preSolution
		HideSolutionNode = FALSE
	EndGlobalSection
	GlobalSection(ExtensibilityGlobals) = postSolution
		SolutionGuid = {37EC8AE2-1E07-4096-A4A6-1025471CBE88}
	EndGlobalSection
EndGlobal
